// !$*UTF8*$!
{
	archiveVersion = 1;
	classes = {
	};
	objectVersion = 56;
	objects = {

/* Begin PBXBuildFile section */
		8439A979291AB8BA00D54938 /* DataService.swift in Sources */ = {isa = PBXBuildFile; fileRef = 8439A978291AB8BA00D54938 /* DataService.swift */; };
		8439A980291BF8DC00D54938 /* FavoriteArticlesViewController.swift in Sources */ = {isa = PBXBuildFile; fileRef = 8439A97F291BF8DC00D54938 /* FavoriteArticlesViewController.swift */; };
		8439A982291BFB5500D54938 /* FavoriteArticlesPresenter.swift in Sources */ = {isa = PBXBuildFile; fileRef = 8439A981291BFB5500D54938 /* FavoriteArticlesPresenter.swift */; };
		8439A986291C20B400D54938 /* UIView + Extensions.swift in Sources */ = {isa = PBXBuildFile; fileRef = 8439A985291C20B400D54938 /* UIView + Extensions.swift */; };
		8472512E2919554500476100 /* AppDelegate.swift in Sources */ = {isa = PBXBuildFile; fileRef = 8472512D2919554500476100 /* AppDelegate.swift */; };
		847251302919554500476100 /* SceneDelegate.swift in Sources */ = {isa = PBXBuildFile; fileRef = 8472512F2919554500476100 /* SceneDelegate.swift */; };
		847251322919554500476100 /* MainViewController.swift in Sources */ = {isa = PBXBuildFile; fileRef = 847251312919554500476100 /* MainViewController.swift */; };
		847251382919554500476100 /* News_App.xcdatamodeld in Sources */ = {isa = PBXBuildFile; fileRef = 847251362919554500476100 /* News_App.xcdatamodeld */; };
		8472513A2919554600476100 /* Assets.xcassets in Resources */ = {isa = PBXBuildFile; fileRef = 847251392919554600476100 /* Assets.xcassets */; };
		8472513D2919554600476100 /* LaunchScreen.storyboard in Resources */ = {isa = PBXBuildFile; fileRef = 8472513B2919554600476100 /* LaunchScreen.storyboard */; };
		847251482919554700476100 /* News_AppTests.swift in Sources */ = {isa = PBXBuildFile; fileRef = 847251472919554700476100 /* News_AppTests.swift */; };
		847251522919554700476100 /* News_AppUITests.swift in Sources */ = {isa = PBXBuildFile; fileRef = 847251512919554700476100 /* News_AppUITests.swift */; };
		847251542919554700476100 /* News_AppUITestsLaunchTests.swift in Sources */ = {isa = PBXBuildFile; fileRef = 847251532919554700476100 /* News_AppUITestsLaunchTests.swift */; };
		847251622919572300476100 /* Router.swift in Sources */ = {isa = PBXBuildFile; fileRef = 847251612919572300476100 /* Router.swift */; };
		847251642919572E00476100 /* AssemlyModuleBuilder.swift in Sources */ = {isa = PBXBuildFile; fileRef = 847251632919572E00476100 /* AssemlyModuleBuilder.swift */; };
		8472516A291957F300476100 /* Article.swift in Sources */ = {isa = PBXBuildFile; fileRef = 84725169291957F300476100 /* Article.swift */; };
		8472516D29195B3E00476100 /* NetworkService.swift in Sources */ = {isa = PBXBuildFile; fileRef = 8472516C29195B3E00476100 /* NetworkService.swift */; };
		8472516F29195BEB00476100 /* MainPresenter.swift in Sources */ = {isa = PBXBuildFile; fileRef = 8472516E29195BEB00476100 /* MainPresenter.swift */; };
		8472517229195E2D00476100 /* ArticleCell.swift in Sources */ = {isa = PBXBuildFile; fileRef = 8472517129195E2D00476100 /* ArticleCell.swift */; };
		E614A6048B739D72944E3E12 /* Pods_News_App.framework in Frameworks */ = {isa = PBXBuildFile; fileRef = EF1C9F34F08E103AFC7FC6B9 /* Pods_News_App.framework */; };
/* End PBXBuildFile section */

/* Begin PBXContainerItemProxy section */
		847251442919554700476100 /* PBXContainerItemProxy */ = {
			isa = PBXContainerItemProxy;
			containerPortal = 847251222919554500476100 /* Project object */;
			proxyType = 1;
			remoteGlobalIDString = 847251292919554500476100;
			remoteInfo = "News App";
		};
		8472514E2919554700476100 /* PBXContainerItemProxy */ = {
			isa = PBXContainerItemProxy;
			containerPortal = 847251222919554500476100 /* Project object */;
			proxyType = 1;
			remoteGlobalIDString = 847251292919554500476100;
			remoteInfo = "News App";
		};
/* End PBXContainerItemProxy section */

/* Begin PBXFileReference section */
		3F1A4F553E432CC7C15FDA38 /* Pods-News App.release.xcconfig */ = {isa = PBXFileReference; includeInIndex = 1; lastKnownFileType = text.xcconfig; name = "Pods-News App.release.xcconfig"; path = "Target Support Files/Pods-News App/Pods-News App.release.xcconfig"; sourceTree = "<group>"; };
		8439A978291AB8BA00D54938 /* DataService.swift */ = {isa = PBXFileReference; lastKnownFileType = sourcecode.swift; path = DataService.swift; sourceTree = "<group>"; };
		8439A97F291BF8DC00D54938 /* FavoriteArticlesViewController.swift */ = {isa = PBXFileReference; lastKnownFileType = sourcecode.swift; path = FavoriteArticlesViewController.swift; sourceTree = "<group>"; };
		8439A981291BFB5500D54938 /* FavoriteArticlesPresenter.swift */ = {isa = PBXFileReference; lastKnownFileType = sourcecode.swift; path = FavoriteArticlesPresenter.swift; sourceTree = "<group>"; };
		8439A985291C20B400D54938 /* UIView + Extensions.swift */ = {isa = PBXFileReference; lastKnownFileType = sourcecode.swift; path = "UIView + Extensions.swift"; sourceTree = "<group>"; };
		8472512A2919554500476100 /* News App.app */ = {isa = PBXFileReference; explicitFileType = wrapper.application; includeInIndex = 0; path = "News App.app"; sourceTree = BUILT_PRODUCTS_DIR; };
		8472512D2919554500476100 /* AppDelegate.swift */ = {isa = PBXFileReference; lastKnownFileType = sourcecode.swift; path = AppDelegate.swift; sourceTree = "<group>"; };
		8472512F2919554500476100 /* SceneDelegate.swift */ = {isa = PBXFileReference; lastKnownFileType = sourcecode.swift; path = SceneDelegate.swift; sourceTree = "<group>"; };
		847251312919554500476100 /* MainViewController.swift */ = {isa = PBXFileReference; lastKnownFileType = sourcecode.swift; path = MainViewController.swift; sourceTree = "<group>"; };
		847251372919554500476100 /* News_App.xcdatamodel */ = {isa = PBXFileReference; lastKnownFileType = wrapper.xcdatamodel; path = News_App.xcdatamodel; sourceTree = "<group>"; };
		847251392919554600476100 /* Assets.xcassets */ = {isa = PBXFileReference; lastKnownFileType = folder.assetcatalog; path = Assets.xcassets; sourceTree = "<group>"; };
		8472513C2919554600476100 /* Base */ = {isa = PBXFileReference; lastKnownFileType = file.storyboard; name = Base; path = Base.lproj/LaunchScreen.storyboard; sourceTree = "<group>"; };
		8472513E2919554600476100 /* Info.plist */ = {isa = PBXFileReference; lastKnownFileType = text.plist.xml; path = Info.plist; sourceTree = "<group>"; };
		847251432919554700476100 /* News AppTests.xctest */ = {isa = PBXFileReference; explicitFileType = wrapper.cfbundle; includeInIndex = 0; path = "News AppTests.xctest"; sourceTree = BUILT_PRODUCTS_DIR; };
		847251472919554700476100 /* News_AppTests.swift */ = {isa = PBXFileReference; lastKnownFileType = sourcecode.swift; path = News_AppTests.swift; sourceTree = "<group>"; };
		8472514D2919554700476100 /* News AppUITests.xctest */ = {isa = PBXFileReference; explicitFileType = wrapper.cfbundle; includeInIndex = 0; path = "News AppUITests.xctest"; sourceTree = BUILT_PRODUCTS_DIR; };
		847251512919554700476100 /* News_AppUITests.swift */ = {isa = PBXFileReference; lastKnownFileType = sourcecode.swift; path = News_AppUITests.swift; sourceTree = "<group>"; };
		847251532919554700476100 /* News_AppUITestsLaunchTests.swift */ = {isa = PBXFileReference; lastKnownFileType = sourcecode.swift; path = News_AppUITestsLaunchTests.swift; sourceTree = "<group>"; };
		847251612919572300476100 /* Router.swift */ = {isa = PBXFileReference; lastKnownFileType = sourcecode.swift; path = Router.swift; sourceTree = "<group>"; };
		847251632919572E00476100 /* AssemlyModuleBuilder.swift */ = {isa = PBXFileReference; lastKnownFileType = sourcecode.swift; path = AssemlyModuleBuilder.swift; sourceTree = "<group>"; };
		84725169291957F300476100 /* Article.swift */ = {isa = PBXFileReference; lastKnownFileType = sourcecode.swift; path = Article.swift; sourceTree = "<group>"; };
		8472516C29195B3E00476100 /* NetworkService.swift */ = {isa = PBXFileReference; lastKnownFileType = sourcecode.swift; path = NetworkService.swift; sourceTree = "<group>"; };
		8472516E29195BEB00476100 /* MainPresenter.swift */ = {isa = PBXFileReference; lastKnownFileType = sourcecode.swift; path = MainPresenter.swift; sourceTree = "<group>"; };
		8472517129195E2D00476100 /* ArticleCell.swift */ = {isa = PBXFileReference; lastKnownFileType = sourcecode.swift; path = ArticleCell.swift; sourceTree = "<group>"; };
		B18FFCF10CE140F2408D3AC2 /* Pods-News App.debug.xcconfig */ = {isa = PBXFileReference; includeInIndex = 1; lastKnownFileType = text.xcconfig; name = "Pods-News App.debug.xcconfig"; path = "Target Support Files/Pods-News App/Pods-News App.debug.xcconfig"; sourceTree = "<group>"; };
		EF1C9F34F08E103AFC7FC6B9 /* Pods_News_App.framework */ = {isa = PBXFileReference; explicitFileType = wrapper.framework; includeInIndex = 0; path = Pods_News_App.framework; sourceTree = BUILT_PRODUCTS_DIR; };
/* End PBXFileReference section */

/* Begin PBXFrameworksBuildPhase section */
		847251272919554500476100 /* Frameworks */ = {
			isa = PBXFrameworksBuildPhase;
			buildActionMask = 2147483647;
			files = (
				E614A6048B739D72944E3E12 /* Pods_News_App.framework in Frameworks */,
			);
			runOnlyForDeploymentPostprocessing = 0;
		};
		847251402919554700476100 /* Frameworks */ = {
			isa = PBXFrameworksBuildPhase;
			buildActionMask = 2147483647;
			files = (
			);
			runOnlyForDeploymentPostprocessing = 0;
		};
		8472514A2919554700476100 /* Frameworks */ = {
			isa = PBXFrameworksBuildPhase;
			buildActionMask = 2147483647;
			files = (
			);
			runOnlyForDeploymentPostprocessing = 0;
		};
/* End PBXFrameworksBuildPhase section */

/* Begin PBXGroup section */
		23C2EB54AD622460A692171F /* Frameworks */ = {
			isa = PBXGroup;
			children = (
				EF1C9F34F08E103AFC7FC6B9 /* Pods_News_App.framework */,
			);
			name = Frameworks;
			sourceTree = "<group>";
		};
		827D85358B49DFC6E5D5220E /* Pods */ = {
			isa = PBXGroup;
			children = (
				B18FFCF10CE140F2408D3AC2 /* Pods-News App.debug.xcconfig */,
				3F1A4F553E432CC7C15FDA38 /* Pods-News App.release.xcconfig */,
			);
			path = Pods;
			sourceTree = "<group>";
		};
		8439A977291A9A5C00D54938 /* CoreData */ = {
			isa = PBXGroup;
			children = (
				847251362919554500476100 /* News_App.xcdatamodeld */,
				8439A978291AB8BA00D54938 /* DataService.swift */,
			);
			path = CoreData;
			sourceTree = "<group>";
		};
		8439A97A291AD2FB00D54938 /* Networking */ = {
			isa = PBXGroup;
			children = (
				8472516C29195B3E00476100 /* NetworkService.swift */,
			);
			path = Networking;
			sourceTree = "<group>";
		};
		8439A97B291AD32300D54938 /* Settings */ = {
			isa = PBXGroup;
			children = (
				8472512D2919554500476100 /* AppDelegate.swift */,
				8472512F2919554500476100 /* SceneDelegate.swift */,
			);
			path = Settings;
			sourceTree = "<group>";
		};
		8439A97C291BF86200D54938 /* FavoriteArticleModule */ = {
			isa = PBXGroup;
			children = (
				8439A97D291BF8A200D54938 /* View */,
				8439A97E291BF8AD00D54938 /* Presenter */,
			);
			path = FavoriteArticleModule;
			sourceTree = "<group>";
		};
		8439A97D291BF8A200D54938 /* View */ = {
			isa = PBXGroup;
			children = (
				8439A97F291BF8DC00D54938 /* FavoriteArticlesViewController.swift */,
			);
			path = View;
			sourceTree = "<group>";
		};
		8439A97E291BF8AD00D54938 /* Presenter */ = {
			isa = PBXGroup;
			children = (
				8439A981291BFB5500D54938 /* FavoriteArticlesPresenter.swift */,
			);
			path = Presenter;
			sourceTree = "<group>";
		};
		847251212919554500476100 = {
			isa = PBXGroup;
			children = (
				8472512C2919554500476100 /* News App */,
				847251462919554700476100 /* News AppTests */,
				847251502919554700476100 /* News AppUITests */,
				8472512B2919554500476100 /* Products */,
				827D85358B49DFC6E5D5220E /* Pods */,
				23C2EB54AD622460A692171F /* Frameworks */,
			);
			sourceTree = "<group>";
		};
		8472512B2919554500476100 /* Products */ = {
			isa = PBXGroup;
			children = (
				8472512A2919554500476100 /* News App.app */,
				847251432919554700476100 /* News AppTests.xctest */,
				8472514D2919554700476100 /* News AppUITests.xctest */,
			);
			name = Products;
			sourceTree = "<group>";
		};
		8472512C2919554500476100 /* News App */ = {
			isa = PBXGroup;
			children = (
				847251602919571600476100 /* Router */,
				847251652919577600476100 /* MainModule */,
				8439A97C291BF86200D54938 /* FavoriteArticleModule */,
				8472516B29195B1C00476100 /* ServiceLayer */,
				8472517329196A9000476100 /* Utilitis */,
				847251392919554600476100 /* Assets.xcassets */,
				8472513B2919554600476100 /* LaunchScreen.storyboard */,
				8472513E2919554600476100 /* Info.plist */,
				8439A97B291AD32300D54938 /* Settings */,
			);
			path = "News App";
			sourceTree = "<group>";
		};
		847251462919554700476100 /* News AppTests */ = {
			isa = PBXGroup;
			children = (
				847251472919554700476100 /* News_AppTests.swift */,
			);
			path = "News AppTests";
			sourceTree = "<group>";
		};
		847251502919554700476100 /* News AppUITests */ = {
			isa = PBXGroup;
			children = (
				847251512919554700476100 /* News_AppUITests.swift */,
				847251532919554700476100 /* News_AppUITestsLaunchTests.swift */,
			);
			path = "News AppUITests";
			sourceTree = "<group>";
		};
		847251602919571600476100 /* Router */ = {
			isa = PBXGroup;
			children = (
				847251612919572300476100 /* Router.swift */,
				847251632919572E00476100 /* AssemlyModuleBuilder.swift */,
			);
			path = Router;
			sourceTree = "<group>";
		};
		847251652919577600476100 /* MainModule */ = {
			isa = PBXGroup;
			children = (
				847251672919579000476100 /* Model */,
				847251662919578B00476100 /* View */,
				847251682919579B00476100 /* Presenter */,
			);
			path = MainModule;
			sourceTree = "<group>";
		};
		847251662919578B00476100 /* View */ = {
			isa = PBXGroup;
			children = (
				8472517029195E1C00476100 /* Components */,
				847251312919554500476100 /* MainViewController.swift */,
			);
			path = View;
			sourceTree = "<group>";
		};
		847251672919579000476100 /* Model */ = {
			isa = PBXGroup;
			children = (
				84725169291957F300476100 /* Article.swift */,
			);
			path = Model;
			sourceTree = "<group>";
		};
		847251682919579B00476100 /* Presenter */ = {
			isa = PBXGroup;
			children = (
				8472516E29195BEB00476100 /* MainPresenter.swift */,
			);
			path = Presenter;
			sourceTree = "<group>";
		};
		8472516B29195B1C00476100 /* ServiceLayer */ = {
			isa = PBXGroup;
			children = (
				8439A977291A9A5C00D54938 /* CoreData */,
				8439A97A291AD2FB00D54938 /* Networking */,
			);
			path = ServiceLayer;
			sourceTree = "<group>";
		};
		8472517029195E1C00476100 /* Components */ = {
			isa = PBXGroup;
			children = (
				8472517129195E2D00476100 /* ArticleCell.swift */,
			);
			path = Components;
			sourceTree = "<group>";
		};
		8472517329196A9000476100 /* Utilitis */ = {
			isa = PBXGroup;
			children = (
				8439A985291C20B400D54938 /* UIView + Extensions.swift */,
			);
			path = Utilitis;
			sourceTree = "<group>";
		};
/* End PBXGroup section */

/* Begin PBXNativeTarget section */
		847251292919554500476100 /* News App */ = {
			isa = PBXNativeTarget;
			buildConfigurationList = 847251572919554700476100 /* Build configuration list for PBXNativeTarget "News App" */;
			buildPhases = (
				FFC15EE20BED52B6EEE18CD8 /* [CP] Check Pods Manifest.lock */,
				847251262919554500476100 /* Sources */,
				847251272919554500476100 /* Frameworks */,
				847251282919554500476100 /* Resources */,
				89315C24490487FE048464EE /* [CP] Embed Pods Frameworks */,
			);
			buildRules = (
			);
			dependencies = (
			);
			name = "News App";
			productName = "News App";
			productReference = 8472512A2919554500476100 /* News App.app */;
			productType = "com.apple.product-type.application";
		};
		847251422919554700476100 /* News AppTests */ = {
			isa = PBXNativeTarget;
			buildConfigurationList = 8472515A2919554700476100 /* Build configuration list for PBXNativeTarget "News AppTests" */;
			buildPhases = (
				8472513F2919554700476100 /* Sources */,
				847251402919554700476100 /* Frameworks */,
				847251412919554700476100 /* Resources */,
			);
			buildRules = (
			);
			dependencies = (
				847251452919554700476100 /* PBXTargetDependency */,
			);
			name = "News AppTests";
			productName = "News AppTests";
			productReference = 847251432919554700476100 /* News AppTests.xctest */;
			productType = "com.apple.product-type.bundle.unit-test";
		};
		8472514C2919554700476100 /* News AppUITests */ = {
			isa = PBXNativeTarget;
			buildConfigurationList = 8472515D2919554700476100 /* Build configuration list for PBXNativeTarget "News AppUITests" */;
			buildPhases = (
				847251492919554700476100 /* Sources */,
				8472514A2919554700476100 /* Frameworks */,
				8472514B2919554700476100 /* Resources */,
			);
			buildRules = (
			);
			dependencies = (
				8472514F2919554700476100 /* PBXTargetDependency */,
			);
			name = "News AppUITests";
			productName = "News AppUITests";
			productReference = 8472514D2919554700476100 /* News AppUITests.xctest */;
			productType = "com.apple.product-type.bundle.ui-testing";
		};
/* End PBXNativeTarget section */

/* Begin PBXProject section */
		847251222919554500476100 /* Project object */ = {
			isa = PBXProject;
			attributes = {
				BuildIndependentTargetsInParallel = 1;
				LastSwiftUpdateCheck = 1400;
				LastUpgradeCheck = 1400;
				TargetAttributes = {
					847251292919554500476100 = {
						CreatedOnToolsVersion = 14.0.1;
					};
					847251422919554700476100 = {
						CreatedOnToolsVersion = 14.0.1;
						TestTargetID = 847251292919554500476100;
					};
					8472514C2919554700476100 = {
						CreatedOnToolsVersion = 14.0.1;
						TestTargetID = 847251292919554500476100;
					};
				};
			};
			buildConfigurationList = 847251252919554500476100 /* Build configuration list for PBXProject "News App" */;
			compatibilityVersion = "Xcode 14.0";
			developmentRegion = en;
			hasScannedForEncodings = 0;
			knownRegions = (
				en,
				Base,
			);
			mainGroup = 847251212919554500476100;
			productRefGroup = 8472512B2919554500476100 /* Products */;
			projectDirPath = "";
			projectRoot = "";
			targets = (
				847251292919554500476100 /* News App */,
				847251422919554700476100 /* News AppTests */,
				8472514C2919554700476100 /* News AppUITests */,
			);
		};
/* End PBXProject section */

/* Begin PBXResourcesBuildPhase section */
		847251282919554500476100 /* Resources */ = {
			isa = PBXResourcesBuildPhase;
			buildActionMask = 2147483647;
			files = (
				8472513D2919554600476100 /* LaunchScreen.storyboard in Resources */,
				8472513A2919554600476100 /* Assets.xcassets in Resources */,
			);
			runOnlyForDeploymentPostprocessing = 0;
		};
		847251412919554700476100 /* Resources */ = {
			isa = PBXResourcesBuildPhase;
			buildActionMask = 2147483647;
			files = (
			);
			runOnlyForDeploymentPostprocessing = 0;
		};
		8472514B2919554700476100 /* Resources */ = {
			isa = PBXResourcesBuildPhase;
			buildActionMask = 2147483647;
			files = (
			);
			runOnlyForDeploymentPostprocessing = 0;
		};
/* End PBXResourcesBuildPhase section */

/* Begin PBXShellScriptBuildPhase section */
		89315C24490487FE048464EE /* [CP] Embed Pods Frameworks */ = {
			isa = PBXShellScriptBuildPhase;
			buildActionMask = 2147483647;
			files = (
			);
			inputFileListPaths = (
				"${PODS_ROOT}/Target Support Files/Pods-News App/Pods-News App-frameworks-${CONFIGURATION}-input-files.xcfilelist",
			);
			name = "[CP] Embed Pods Frameworks";
			outputFileListPaths = (
				"${PODS_ROOT}/Target Support Files/Pods-News App/Pods-News App-frameworks-${CONFIGURATION}-output-files.xcfilelist",
			);
			runOnlyForDeploymentPostprocessing = 0;
			shellPath = /bin/sh;
			shellScript = "\"${PODS_ROOT}/Target Support Files/Pods-News App/Pods-News App-frameworks.sh\"\n";
			showEnvVarsInLog = 0;
		};
		FFC15EE20BED52B6EEE18CD8 /* [CP] Check Pods Manifest.lock */ = {
			isa = PBXShellScriptBuildPhase;
			buildActionMask = 2147483647;
			files = (
			);
			inputFileListPaths = (
			);
			inputPaths = (
				"${PODS_PODFILE_DIR_PATH}/Podfile.lock",
				"${PODS_ROOT}/Manifest.lock",
			);
			name = "[CP] Check Pods Manifest.lock";
			outputFileListPaths = (
			);
			outputPaths = (
				"$(DERIVED_FILE_DIR)/Pods-News App-checkManifestLockResult.txt",
			);
			runOnlyForDeploymentPostprocessing = 0;
			shellPath = /bin/sh;
			shellScript = "diff \"${PODS_PODFILE_DIR_PATH}/Podfile.lock\" \"${PODS_ROOT}/Manifest.lock\" > /dev/null\nif [ $? != 0 ] ; then\n    # print error to STDERR\n    echo \"error: The sandbox is not in sync with the Podfile.lock. Run 'pod install' or update your CocoaPods installation.\" >&2\n    exit 1\nfi\n# This output is used by Xcode 'outputs' to avoid re-running this script phase.\necho \"SUCCESS\" > \"${SCRIPT_OUTPUT_FILE_0}\"\n";
			showEnvVarsInLog = 0;
		};
/* End PBXShellScriptBuildPhase section */

/* Begin PBXSourcesBuildPhase section */
		847251262919554500476100 /* Sources */ = {
			isa = PBXSourcesBuildPhase;
			buildActionMask = 2147483647;
			files = (
				8472516A291957F300476100 /* Article.swift in Sources */,
				847251322919554500476100 /* MainViewController.swift in Sources */,
				8472516D29195B3E00476100 /* NetworkService.swift in Sources */,
				8439A979291AB8BA00D54938 /* DataService.swift in Sources */,
				8472512E2919554500476100 /* AppDelegate.swift in Sources */,
				8472516F29195BEB00476100 /* MainPresenter.swift in Sources */,
				847251642919572E00476100 /* AssemlyModuleBuilder.swift in Sources */,
				8439A980291BF8DC00D54938 /* FavoriteArticlesViewController.swift in Sources */,
				847251622919572300476100 /* Router.swift in Sources */,
				8439A986291C20B400D54938 /* UIView + Extensions.swift in Sources */,
				847251382919554500476100 /* News_App.xcdatamodeld in Sources */,
				8472517229195E2D00476100 /* ArticleCell.swift in Sources */,
				8439A982291BFB5500D54938 /* FavoriteArticlesPresenter.swift in Sources */,
				847251302919554500476100 /* SceneDelegate.swift in Sources */,
			);
			runOnlyForDeploymentPostprocessing = 0;
		};
		8472513F2919554700476100 /* Sources */ = {
			isa = PBXSourcesBuildPhase;
			buildActionMask = 2147483647;
			files = (
				847251482919554700476100 /* News_AppTests.swift in Sources */,
			);
			runOnlyForDeploymentPostprocessing = 0;
		};
		847251492919554700476100 /* Sources */ = {
			isa = PBXSourcesBuildPhase;
			buildActionMask = 2147483647;
			files = (
				847251542919554700476100 /* News_AppUITestsLaunchTests.swift in Sources */,
				847251522919554700476100 /* News_AppUITests.swift in Sources */,
			);
			runOnlyForDeploymentPostprocessing = 0;
		};
/* End PBXSourcesBuildPhase section */

/* Begin PBXTargetDependency section */
		847251452919554700476100 /* PBXTargetDependency */ = {
			isa = PBXTargetDependency;
			target = 847251292919554500476100 /* News App */;
			targetProxy = 847251442919554700476100 /* PBXContainerItemProxy */;
		};
		8472514F2919554700476100 /* PBXTargetDependency */ = {
			isa = PBXTargetDependency;
			target = 847251292919554500476100 /* News App */;
			targetProxy = 8472514E2919554700476100 /* PBXContainerItemProxy */;
		};
/* End PBXTargetDependency section */

/* Begin PBXVariantGroup section */
		8472513B2919554600476100 /* LaunchScreen.storyboard */ = {
			isa = PBXVariantGroup;
			children = (
				8472513C2919554600476100 /* Base */,
			);
			name = LaunchScreen.storyboard;
			sourceTree = "<group>";
		};
/* End PBXVariantGroup section */

/* Begin XCBuildConfiguration section */
		847251552919554700476100 /* Debug */ = {
			isa = XCBuildConfiguration;
			buildSettings = {
				ALWAYS_SEARCH_USER_PATHS = NO;
				CLANG_ANALYZER_NONNULL = YES;
				CLANG_ANALYZER_NUMBER_OBJECT_CONVERSION = YES_AGGRESSIVE;
				CLANG_CXX_LANGUAGE_STANDARD = "gnu++20";
				CLANG_ENABLE_MODULES = YES;
				CLANG_ENABLE_OBJC_ARC = YES;
				CLANG_ENABLE_OBJC_WEAK = YES;
				CLANG_WARN_BLOCK_CAPTURE_AUTORELEASING = YES;
				CLANG_WARN_BOOL_CONVERSION = YES;
				CLANG_WARN_COMMA = YES;
				CLANG_WARN_CONSTANT_CONVERSION = YES;
				CLANG_WARN_DEPRECATED_OBJC_IMPLEMENTATIONS = YES;
				CLANG_WARN_DIRECT_OBJC_ISA_USAGE = YES_ERROR;
				CLANG_WARN_DOCUMENTATION_COMMENTS = YES;
				CLANG_WARN_EMPTY_BODY = YES;
				CLANG_WARN_ENUM_CONVERSION = YES;
				CLANG_WARN_INFINITE_RECURSION = YES;
				CLANG_WARN_INT_CONVERSION = YES;
				CLANG_WARN_NON_LITERAL_NULL_CONVERSION = YES;
				CLANG_WARN_OBJC_IMPLICIT_RETAIN_SELF = YES;
				CLANG_WARN_OBJC_LITERAL_CONVERSION = YES;
				CLANG_WARN_OBJC_ROOT_CLASS = YES_ERROR;
				CLANG_WARN_QUOTED_INCLUDE_IN_FRAMEWORK_HEADER = YES;
				CLANG_WARN_RANGE_LOOP_ANALYSIS = YES;
				CLANG_WARN_STRICT_PROTOTYPES = YES;
				CLANG_WARN_SUSPICIOUS_MOVE = YES;
				CLANG_WARN_UNGUARDED_AVAILABILITY = YES_AGGRESSIVE;
				CLANG_WARN_UNREACHABLE_CODE = YES;
				CLANG_WARN__DUPLICATE_METHOD_MATCH = YES;
				COPY_PHASE_STRIP = NO;
				DEBUG_INFORMATION_FORMAT = dwarf;
				ENABLE_STRICT_OBJC_MSGSEND = YES;
				ENABLE_TESTABILITY = YES;
				GCC_C_LANGUAGE_STANDARD = gnu11;
				GCC_DYNAMIC_NO_PIC = NO;
				GCC_NO_COMMON_BLOCKS = YES;
				GCC_OPTIMIZATION_LEVEL = 0;
				GCC_PREPROCESSOR_DEFINITIONS = (
					"DEBUG=1",
					"$(inherited)",
				);
				GCC_WARN_64_TO_32_BIT_CONVERSION = YES;
				GCC_WARN_ABOUT_RETURN_TYPE = YES_ERROR;
				GCC_WARN_UNDECLARED_SELECTOR = YES;
				GCC_WARN_UNINITIALIZED_AUTOS = YES_AGGRESSIVE;
				GCC_WARN_UNUSED_FUNCTION = YES;
				GCC_WARN_UNUSED_VARIABLE = YES;
				IPHONEOS_DEPLOYMENT_TARGET = 16.0;
				MTL_ENABLE_DEBUG_INFO = INCLUDE_SOURCE;
				MTL_FAST_MATH = YES;
				ONLY_ACTIVE_ARCH = YES;
				SDKROOT = iphoneos;
				SWIFT_ACTIVE_COMPILATION_CONDITIONS = DEBUG;
				SWIFT_OPTIMIZATION_LEVEL = "-Onone";
			};
			name = Debug;
		};
		847251562919554700476100 /* Release */ = {
			isa = XCBuildConfiguration;
			buildSettings = {
				ALWAYS_SEARCH_USER_PATHS = NO;
				CLANG_ANALYZER_NONNULL = YES;
				CLANG_ANALYZER_NUMBER_OBJECT_CONVERSION = YES_AGGRESSIVE;
				CLANG_CXX_LANGUAGE_STANDARD = "gnu++20";
				CLANG_ENABLE_MODULES = YES;
				CLANG_ENABLE_OBJC_ARC = YES;
				CLANG_ENABLE_OBJC_WEAK = YES;
				CLANG_WARN_BLOCK_CAPTURE_AUTORELEASING = YES;
				CLANG_WARN_BOOL_CONVERSION = YES;
				CLANG_WARN_COMMA = YES;
				CLANG_WARN_CONSTANT_CONVERSION = YES;
				CLANG_WARN_DEPRECATED_OBJC_IMPLEMENTATIONS = YES;
				CLANG_WARN_DIRECT_OBJC_ISA_USAGE = YES_ERROR;
				CLANG_WARN_DOCUMENTATION_COMMENTS = YES;
				CLANG_WARN_EMPTY_BODY = YES;
				CLANG_WARN_ENUM_CONVERSION = YES;
				CLANG_WARN_INFINITE_RECURSION = YES;
				CLANG_WARN_INT_CONVERSION = YES;
				CLANG_WARN_NON_LITERAL_NULL_CONVERSION = YES;
				CLANG_WARN_OBJC_IMPLICIT_RETAIN_SELF = YES;
				CLANG_WARN_OBJC_LITERAL_CONVERSION = YES;
				CLANG_WARN_OBJC_ROOT_CLASS = YES_ERROR;
				CLANG_WARN_QUOTED_INCLUDE_IN_FRAMEWORK_HEADER = YES;
				CLANG_WARN_RANGE_LOOP_ANALYSIS = YES;
				CLANG_WARN_STRICT_PROTOTYPES = YES;
				CLANG_WARN_SUSPICIOUS_MOVE = YES;
				CLANG_WARN_UNGUARDED_AVAILABILITY = YES_AGGRESSIVE;
				CLANG_WARN_UNREACHABLE_CODE = YES;
				CLANG_WARN__DUPLICATE_METHOD_MATCH = YES;
				COPY_PHASE_STRIP = NO;
				DEBUG_INFORMATION_FORMAT = "dwarf-with-dsym";
				ENABLE_NS_ASSERTIONS = NO;
				ENABLE_STRICT_OBJC_MSGSEND = YES;
				GCC_C_LANGUAGE_STANDARD = gnu11;
				GCC_NO_COMMON_BLOCKS = YES;
				GCC_WARN_64_TO_32_BIT_CONVERSION = YES;
				GCC_WARN_ABOUT_RETURN_TYPE = YES_ERROR;
				GCC_WARN_UNDECLARED_SELECTOR = YES;
				GCC_WARN_UNINITIALIZED_AUTOS = YES_AGGRESSIVE;
				GCC_WARN_UNUSED_FUNCTION = YES;
				GCC_WARN_UNUSED_VARIABLE = YES;
				IPHONEOS_DEPLOYMENT_TARGET = 16.0;
				MTL_ENABLE_DEBUG_INFO = NO;
				MTL_FAST_MATH = YES;
				SDKROOT = iphoneos;
				SWIFT_COMPILATION_MODE = wholemodule;
				SWIFT_OPTIMIZATION_LEVEL = "-O";
				VALIDATE_PRODUCT = YES;
			};
			name = Release;
		};
		847251582919554700476100 /* Debug */ = {
			isa = XCBuildConfiguration;
			baseConfigurationReference = B18FFCF10CE140F2408D3AC2 /* Pods-News App.debug.xcconfig */;
			buildSettings = {
				ASSETCATALOG_COMPILER_APPICON_NAME = AppIcon;
				ASSETCATALOG_COMPILER_GLOBAL_ACCENT_COLOR_NAME = AccentColor;
				CODE_SIGN_STYLE = Automatic;
				CURRENT_PROJECT_VERSION = 1;
				DEVELOPMENT_TEAM = Z5K5J5HEG4;
				GENERATE_INFOPLIST_FILE = YES;
				INFOPLIST_FILE = "News App/Info.plist";
				INFOPLIST_KEY_UIApplicationSupportsIndirectInputEvents = YES;
				INFOPLIST_KEY_UILaunchStoryboardName = LaunchScreen;
				INFOPLIST_KEY_UISupportedInterfaceOrientations = UIInterfaceOrientationPortrait;
				IPHONEOS_DEPLOYMENT_TARGET = 14.7;
				LD_RUNPATH_SEARCH_PATHS = (
					"$(inherited)",
					"@executable_path/Frameworks",
				);
				MARKETING_VERSION = 1.0;
				PRODUCT_BUNDLE_IDENTIFIER = "com.morozpavlo.News-App";
				PRODUCT_NAME = "$(TARGET_NAME)";
				SWIFT_EMIT_LOC_STRINGS = YES;
				SWIFT_VERSION = 5.0;
				TARGETED_DEVICE_FAMILY = "1,2";
			};
			name = Debug;
		};
		847251592919554700476100 /* Release */ = {
			isa = XCBuildConfiguration;
			baseConfigurationReference = 3F1A4F553E432CC7C15FDA38 /* Pods-News App.release.xcconfig */;
			buildSettings = {
				ASSETCATALOG_COMPILER_APPICON_NAME = AppIcon;
				ASSETCATALOG_COMPILER_GLOBAL_ACCENT_COLOR_NAME = AccentColor;
				CODE_SIGN_STYLE = Automatic;
				CURRENT_PROJECT_VERSION = 1;
				DEVELOPMENT_TEAM = Z5K5J5HEG4;
				GENERATE_INFOPLIST_FILE = YES;
				INFOPLIST_FILE = "News App/Info.plist";
				INFOPLIST_KEY_UIApplicationSupportsIndirectInputEvents = YES;
				INFOPLIST_KEY_UILaunchStoryboardName = LaunchScreen;
				INFOPLIST_KEY_UISupportedInterfaceOrientations = UIInterfaceOrientationPortrait;
				IPHONEOS_DEPLOYMENT_TARGET = 14.7;
				LD_RUNPATH_SEARCH_PATHS = (
					"$(inherited)",
					"@executable_path/Frameworks",
				);
				MARKETING_VERSION = 1.0;
				PRODUCT_BUNDLE_IDENTIFIER = "com.morozpavlo.News-App";
				PRODUCT_NAME = "$(TARGET_NAME)";
				SWIFT_EMIT_LOC_STRINGS = YES;
				SWIFT_VERSION = 5.0;
				TARGETED_DEVICE_FAMILY = "1,2";
			};
			name = Release;
		};
		8472515B2919554700476100 /* Debug */ = {
			isa = XCBuildConfiguration;
			buildSettings = {
				ALWAYS_EMBED_SWIFT_STANDARD_LIBRARIES = YES;
				BUNDLE_LOADER = "$(TEST_HOST)";
				CODE_SIGN_STYLE = Automatic;
				CURRENT_PROJECT_VERSION = 1;
				DEVELOPMENT_TEAM = Z5K5J5HEG4;
				GENERATE_INFOPLIST_FILE = YES;
				IPHONEOS_DEPLOYMENT_TARGET = 16.0;
				MARKETING_VERSION = 1.0;
				PRODUCT_BUNDLE_IDENTIFIER = "com.morozpavlo.News-AppTests";
				PRODUCT_NAME = "$(TARGET_NAME)";
				SWIFT_EMIT_LOC_STRINGS = NO;
				SWIFT_VERSION = 5.0;
				TARGETED_DEVICE_FAMILY = "1,2";
				TEST_HOST = "$(BUILT_PRODUCTS_DIR)/News App.app/$(BUNDLE_EXECUTABLE_FOLDER_PATH)/News App";
			};
			name = Debug;
		};
		8472515C2919554700476100 /* Release */ = {
			isa = XCBuildConfiguration;
			buildSettings = {
				ALWAYS_EMBED_SWIFT_STANDARD_LIBRARIES = YES;
				BUNDLE_LOADER = "$(TEST_HOST)";
				CODE_SIGN_STYLE = Automatic;
				CURRENT_PROJECT_VERSION = 1;
				DEVELOPMENT_TEAM = Z5K5J5HEG4;
				GENERATE_INFOPLIST_FILE = YES;
				IPHONEOS_DEPLOYMENT_TARGET = 16.0;
				MARKETING_VERSION = 1.0;
				PRODUCT_BUNDLE_IDENTIFIER = "com.morozpavlo.News-AppTests";
				PRODUCT_NAME = "$(TARGET_NAME)";
				SWIFT_EMIT_LOC_STRINGS = NO;
				SWIFT_VERSION = 5.0;
				TARGETED_DEVICE_FAMILY = "1,2";
				TEST_HOST = "$(BUILT_PRODUCTS_DIR)/News App.app/$(BUNDLE_EXECUTABLE_FOLDER_PATH)/News App";
			};
			name = Release;
		};
		8472515E2919554700476100 /* Debug */ = {
			isa = XCBuildConfiguration;
			buildSettings = {
				ALWAYS_EMBED_SWIFT_STANDARD_LIBRARIES = YES;
				CODE_SIGN_STYLE = Automatic;
				CURRENT_PROJECT_VERSION = 1;
				DEVELOPMENT_TEAM = Z5K5J5HEG4;
				GENERATE_INFOPLIST_FILE = YES;
				MARKETING_VERSION = 1.0;
				PRODUCT_BUNDLE_IDENTIFIER = "com.morozpavlo.News-AppUITests";
				PRODUCT_NAME = "$(TARGET_NAME)";
				SWIFT_EMIT_LOC_STRINGS = NO;
				SWIFT_VERSION = 5.0;
				TARGETED_DEVICE_FAMILY = "1,2";
				TEST_TARGET_NAME = "News App";
			};
			name = Debug;
		};
		8472515F2919554700476100 /* Release */ = {
			isa = XCBuildConfiguration;
			buildSettings = {
				ALWAYS_EMBED_SWIFT_STANDARD_LIBRARIES = YES;
				CODE_SIGN_STYLE = Automatic;
				CURRENT_PROJECT_VERSION = 1;
				DEVELOPMENT_TEAM = Z5K5J5HEG4;
				GENERATE_INFOPLIST_FILE = YES;
				MARKETING_VERSION = 1.0;
				PRODUCT_BUNDLE_IDENTIFIER = "com.morozpavlo.News-AppUITests";
				PRODUCT_NAME = "$(TARGET_NAME)";
				SWIFT_EMIT_LOC_STRINGS = NO;
				SWIFT_VERSION = 5.0;
				TARGETED_DEVICE_FAMILY = "1,2";
				TEST_TARGET_NAME = "News App";
			};
			name = Release;
		};
/* End XCBuildConfiguration section */

/* Begin XCConfigurationList section */
		847251252919554500476100 /* Build configuration list for PBXProject "News App" */ = {
			isa = XCConfigurationList;
			buildConfigurations = (
				847251552919554700476100 /* Debug */,
				847251562919554700476100 /* Release */,
			);
			defaultConfigurationIsVisible = 0;
			defaultConfigurationName = Release;
		};
		847251572919554700476100 /* Build configuration list for PBXNativeTarget "News App" */ = {
			isa = XCConfigurationList;
			buildConfigurations = (
				847251582919554700476100 /* Debug */,
				847251592919554700476100 /* Release */,
			);
			defaultConfigurationIsVisible = 0;
			defaultConfigurationName = Release;
		};
		8472515A2919554700476100 /* Build configuration list for PBXNativeTarget "News AppTests" */ = {
			isa = XCConfigurationList;
			buildConfigurations = (
				8472515B2919554700476100 /* Debug */,
				8472515C2919554700476100 /* Release */,
			);
			defaultConfigurationIsVisible = 0;
			defaultConfigurationName = Release;
		};
		8472515D2919554700476100 /* Build configuration list for PBXNativeTarget "News AppUITests" */ = {
			isa = XCConfigurationList;
			buildConfigurations = (
				8472515E2919554700476100 /* Debug */,
				8472515F2919554700476100 /* Release */,
			);
			defaultConfigurationIsVisible = 0;
			defaultConfigurationName = Release;
		};
/* End XCConfigurationList section */

/* Begin XCVersionGroup section */
		847251362919554500476100 /* News_App.xcdatamodeld */ = {
			isa = XCVersionGroup;
			children = (
				847251372919554500476100 /* News_App.xcdatamodel */,
			);
			currentVersion = 847251372919554500476100 /* News_App.xcdatamodel */;
			path = News_App.xcdatamodeld;
			sourceTree = "<group>";
			versionGroupType = wrapper.xcdatamodel;
		};
/* End XCVersionGroup section */
	};
	rootObject = 847251222919554500476100 /* Project object */;
}
